
Microsoft Visual Studio Solution File, Format Version 12.00
# Visual Studio Version 16
VisualStudioVersion = 16.0.28803.202
MinimumVisualStudioVersion = 10.0.40219.1
Project("{FAE04EC0-301F-11D3-BF4B-00C04F79EFBC}") = "KeyValueExtraction", "KeyValueExtraction\KeyValueExtraction.csproj", "{0940A5BC-75EC-4719-B176-62B76F6F5CD2}"
EndProject
Global
	GlobalSection(SolutionConfigurationPlatforms) = preSolution
		Debug|Any CPU = Debug|Any CPU
		Release|Any CPU = Release|Any CPU
	EndGlobalSection
	GlobalSection(ProjectConfigurationPlatforms) = postSolution
		{0940A5BC-75EC-4719-B176-62B76F6F5CD2}.Debug|Any CPU.ActiveCfg = Debug|Any CPU
		{0940A5BC-75EC-4719-B176-62B76F6F5CD2}.Debug|Any CPU.Build.0 = Debug|Any CPU
		{0940A5BC-75EC-4719-B176-62B76F6F5CD2}.Release|Any CPU.ActiveCfg = Release|Any CPU
		{0940A5BC-75EC-4719-B176-62B76F6F5CD2}.Release|Any CPU.Build.0 = Release|Any CPU
	EndGlobalSection
	GlobalSection(SolutionProperties) = preSolution
		HideSolutionNode = FALSE
	EndGlobalSection
	GlobalSection(ExtensibilityGlobals) = postSolution
		SolutionGuid = {6694DD75-8131-47F3-9B45-D013B5859799}
	EndGlobalSection
EndGlobal
